[root]
name = "gitstat"
version = "0.0.1"
dependencies = [
 "git2 0.0.1 (git+https://github.com/alexcrichton/git2-rs#78d316ed69db27e72bf48a748eeb7fbd60e5f155)",
]

[[package]]
name = "encoding"
version = "0.1.0"
source = "git+https://github.com/lifthrasiir/rust-encoding#16aff34b35e68b0f3a23e4d9dcff4f23cea2a414"

[[package]]
name = "git2"
version = "0.0.1"
source = "git+https://github.com/alexcrichton/git2-rs#78d316ed69db27e72bf48a748eeb7fbd60e5f155"
dependencies = [
 "libgit2 0.0.1 (git+https://github.com/alexcrichton/git2-rs#78d316ed69db27e72bf48a748eeb7fbd60e5f155)",
 "url 0.1.0 (git+https://github.com/servo/rust-url#55b18b796ef2cef5490069dd450c60c2cc2c0c1b)",
]

[[package]]
name = "libgit2"
version = "0.0.1"
source = "git+https://github.com/alexcrichton/git2-rs#78d316ed69db27e72bf48a748eeb7fbd60e5f155"
dependencies = [
 "libssh2-static-sys 0.0.1 (git+https://github.com/alexcrichton/libssh2-static-sys#80e71a3021618eb05656c58fb7c5ef5f12bc747f)",
 "link-config 0.0.1 (git+https://github.com/alexcrichton/link-config#0afbf50ba545ac379292b6040330f2903ca891d2)",
 "openssl-static-sys 0.0.1 (git+https://github.com/alexcrichton/openssl-static-sys#b01801397328924055fb1c7c87fd5bf18907e511)",
]

[[package]]
name = "libssh2-static-sys"
version = "0.0.1"
source = "git+https://github.com/alexcrichton/libssh2-static-sys#80e71a3021618eb05656c58fb7c5ef5f12bc747f"

[[package]]
name = "link-config"
version = "0.0.1"
source = "git+https://github.com/alexcrichton/link-config#0afbf50ba545ac379292b6040330f2903ca891d2"

[[package]]
name = "openssl-static-sys"
version = "0.0.1"
source = "git+https://github.com/alexcrichton/openssl-static-sys#b01801397328924055fb1c7c87fd5bf18907e511"

[[package]]
name = "url"
version = "0.1.0"
source = "git+https://github.com/servo/rust-url#55b18b796ef2cef5490069dd450c60c2cc2c0c1b"
dependencies = [
 "encoding 0.1.0 (git+https://github.com/lifthrasiir/rust-encoding#16aff34b35e68b0f3a23e4d9dcff4f23cea2a414)",
]

